
Microsoft Visual Studio Solution File, Format Version 12.00
# Visual Studio Version 17
VisualStudioVersion = 17.0.31903.59
MinimumVisualStudioVersion = 10.0.40219.1
Project("{2150E333-8FDC-42A3-9474-1A3956D46DE8}") = "src", "src", "{A99E021A-C1A0-4787-8C60-973DEF46A49E}"
EndProject
Project("{FAE04EC0-301F-11D3-BF4B-00C04F79EFBC}") = "WorkshopApi", "src\WorkshopApi\WorkshopApi.csproj", "{640C8DF2-65BD-4973-9316-631557884532}"
EndProject
Global
	GlobalSection(SolutionConfigurationPlatforms) = preSolution
		Debug|Any CPU = Debug|Any CPU
		Release|Any CPU = Release|Any CPU
	EndGlobalSection
	GlobalSection(SolutionProperties) = preSolution
		HideSolutionNode = FALSE
	EndGlobalSection
	GlobalSection(ProjectConfigurationPlatforms) = postSolution
		{640C8DF2-65BD-4973-9316-631557884532}.Debug|Any CPU.ActiveCfg = Debug|Any CPU
		{640C8DF2-65BD-4973-9316-631557884532}.Debug|Any CPU.Build.0 = Debug|Any CPU
		{640C8DF2-65BD-4973-9316-631557884532}.Release|Any CPU.ActiveCfg = Release|Any CPU
		{640C8DF2-65BD-4973-9316-631557884532}.Release|Any CPU.Build.0 = Release|Any CPU
	EndGlobalSection
	GlobalSection(NestedProjects) = preSolution
		{640C8DF2-65BD-4973-9316-631557884532} = {A99E021A-C1A0-4787-8C60-973DEF46A49E}
	EndGlobalSection
EndGlobal
